// !$*UTF8*$!
{
	archiveVersion = 1;
	classes = {
	};
	objectVersion = 46;
	objects = {

/* Begin PBXBuildFile section */
		20007CF2171D2F79008B16B8 /* AUIAnimatableLabel.m in Sources */ = {isa = PBXBuildFile; fileRef = 20007CEF171D2F79008B16B8 /* AUIAnimatableLabel.m */; };
		20007CF3171D2F79008B16B8 /* UIFont+CoreTextExtensions.m in Sources */ = {isa = PBXBuildFile; fileRef = 20007CF1171D2F79008B16B8 /* UIFont+CoreTextExtensions.m */; };
		20007CF5171D310B008B16B8 /* CoreText.framework in Frameworks */ = {isa = PBXBuildFile; fileRef = 20007CF4171D310A008B16B8 /* CoreText.framework */; };
		20007CF7171D312F008B16B8 /* QuartzCore.framework in Frameworks */ = {isa = PBXBuildFile; fileRef = 20007CF6171D312F008B16B8 /* QuartzCore.framework */; };
		204F73831647AC1800D47794 /* Futura LT Book.ttf in Resources */ = {isa = PBXBuildFile; fileRef = 204F73811647AC1700D47794 /* Futura LT Book.ttf */; };
		204F73841647AC1800D47794 /* Futura LT Bold.ttf in Resources */ = {isa = PBXBuildFile; fileRef = 204F73821647AC1700D47794 /* Futura LT Bold.ttf */; };
		204F738B1647C80E00D47794 /* 2142.mp3 in Resources */ = {isa = PBXBuildFile; fileRef = 204F73891647C80E00D47794 /* 2142.mp3 */; };
		204F738C1647C80E00D47794 /* 2142.lrc in Resources */ = {isa = PBXBuildFile; fileRef = 204F738A1647C80E00D47794 /* 2142.lrc */; };
		207F898D16539B2D00FFF1A9 /* test.lrc in Resources */ = {isa = PBXBuildFile; fileRef = 207F898C16539B2D00FFF1A9 /* test.lrc */; };
		208166131568C4F800D288D7 /* LyricParser.m in Sources */ = {isa = PBXBuildFile; fileRef = 208166121568C4F800D288D7 /* LyricParser.m */; };
		20849B8116F06BA9001F2A8D /* Default-568h@2x.png in Resources */ = {isa = PBXBuildFile; fileRef = 20849B8016F06BA9001F2A8D /* Default-568h@2x.png */; };
		209D6D2E1720090100E26ACF /* Lato-Black.ttf in Resources */ = {isa = PBXBuildFile; fileRef = 209D6D231720090100E26ACF /* Lato-Black.ttf */; };
		209D6D2F1720090100E26ACF /* Lato-BlackItalic.ttf in Resources */ = {isa = PBXBuildFile; fileRef = 209D6D241720090100E26ACF /* Lato-BlackItalic.ttf */; };
		209D6D301720090100E26ACF /* Lato-Bold.ttf in Resources */ = {isa = PBXBuildFile; fileRef = 209D6D251720090100E26ACF /* Lato-Bold.ttf */; };
		209D6D311720090100E26ACF /* Lato-BoldItalic.ttf in Resources */ = {isa = PBXBuildFile; fileRef = 209D6D261720090100E26ACF /* Lato-BoldItalic.ttf */; };
		209D6D321720090100E26ACF /* Lato-Hairline.ttf in Resources */ = {isa = PBXBuildFile; fileRef = 209D6D271720090100E26ACF /* Lato-Hairline.ttf */; };
		209D6D331720090100E26ACF /* Lato-HairlineItalic.ttf in Resources */ = {isa = PBXBuildFile; fileRef = 209D6D281720090100E26ACF /* Lato-HairlineItalic.ttf */; };
		209D6D341720090100E26ACF /* Lato-Italic.ttf in Resources */ = {isa = PBXBuildFile; fileRef = 209D6D291720090100E26ACF /* Lato-Italic.ttf */; };
		209D6D351720090100E26ACF /* Lato-Light.ttf in Resources */ = {isa = PBXBuildFile; fileRef = 209D6D2A1720090100E26ACF /* Lato-Light.ttf */; };
		209D6D361720090100E26ACF /* Lato-LightItalic.ttf in Resources */ = {isa = PBXBuildFile; fileRef = 209D6D2B1720090100E26ACF /* Lato-LightItalic.ttf */; };
		209D6D371720090100E26ACF /* Lato-Regular.ttf in Resources */ = {isa = PBXBuildFile; fileRef = 209D6D2C1720090100E26ACF /* Lato-Regular.ttf */; };
		209D6D381720090100E26ACF /* OFL.txt in Resources */ = {isa = PBXBuildFile; fileRef = 209D6D2D1720090100E26ACF /* OFL.txt */; };
		20F9A5B5156D363200ED44D7 /* NSMutableArray+Reverse.m in Sources */ = {isa = PBXBuildFile; fileRef = 20F9A5B4156D363200ED44D7 /* NSMutableArray+Reverse.m */; };
		20F9A5BE156D3BAB00ED44D7 /* AVFoundation.framework in Frameworks */ = {isa = PBXBuildFile; fileRef = 20F9A5BC156D3BAB00ED44D7 /* AVFoundation.framework */; };
		20FB3CD81567EFA500F4AC61 /* UIKit.framework in Frameworks */ = {isa = PBXBuildFile; fileRef = 20FB3CD71567EFA500F4AC61 /* UIKit.framework */; };
		20FB3CDA1567EFA500F4AC61 /* Foundation.framework in Frameworks */ = {isa = PBXBuildFile; fileRef = 20FB3CD91567EFA500F4AC61 /* Foundation.framework */; };
		20FB3CDC1567EFA500F4AC61 /* CoreGraphics.framework in Frameworks */ = {isa = PBXBuildFile; fileRef = 20FB3CDB1567EFA500F4AC61 /* CoreGraphics.framework */; };
		20FB3CE21567EFA500F4AC61 /* InfoPlist.strings in Resources */ = {isa = PBXBuildFile; fileRef = 20FB3CE01567EFA500F4AC61 /* InfoPlist.strings */; };
		20FB3CE41567EFA500F4AC61 /* main.m in Sources */ = {isa = PBXBuildFile; fileRef = 20FB3CE31567EFA500F4AC61 /* main.m */; };
		20FB3CE81567EFA500F4AC61 /* AppDelegate.m in Sources */ = {isa = PBXBuildFile; fileRef = 20FB3CE71567EFA500F4AC61 /* AppDelegate.m */; };
		20FB3CEB1567EFA500F4AC61 /* ViewController.m in Sources */ = {isa = PBXBuildFile; fileRef = 20FB3CEA1567EFA500F4AC61 /* ViewController.m */; };
		20FB3CEE1567EFA600F4AC61 /* ViewController.xib in Resources */ = {isa = PBXBuildFile; fileRef = 20FB3CEC1567EFA600F4AC61 /* ViewController.xib */; };
		21CA51F2156FA01000EA16A9 /* onsec.mp3 in Resources */ = {isa = PBXBuildFile; fileRef = 21CA51F1156FA01000EA16A9 /* onsec.mp3 */; };
/* End PBXBuildFile section */

/* Begin PBXFileReference section */
		20007CEE171D2F79008B16B8 /* AUIAnimatableLabel.h */ = {isa = PBXFileReference; fileEncoding = 4; lastKnownFileType = sourcecode.c.h; path = AUIAnimatableLabel.h; sourceTree = "<group>"; };
		20007CEF171D2F79008B16B8 /* AUIAnimatableLabel.m */ = {isa = PBXFileReference; fileEncoding = 4; lastKnownFileType = sourcecode.c.objc; path = AUIAnimatableLabel.m; sourceTree = "<group>"; };
		20007CF0171D2F79008B16B8 /* UIFont+CoreTextExtensions.h */ = {isa = PBXFileReference; fileEncoding = 4; lastKnownFileType = sourcecode.c.h; path = "UIFont+CoreTextExtensions.h"; sourceTree = "<group>"; };
		20007CF1171D2F79008B16B8 /* UIFont+CoreTextExtensions.m */ = {isa = PBXFileReference; fileEncoding = 4; lastKnownFileType = sourcecode.c.objc; path = "UIFont+CoreTextExtensions.m"; sourceTree = "<group>"; };
		20007CF4171D310A008B16B8 /* CoreText.framework */ = {isa = PBXFileReference; lastKnownFileType = wrapper.framework; name = CoreText.framework; path = System/Library/Frameworks/CoreText.framework; sourceTree = SDKROOT; };
		20007CF6171D312F008B16B8 /* QuartzCore.framework */ = {isa = PBXFileReference; lastKnownFileType = wrapper.framework; name = QuartzCore.framework; path = System/Library/Frameworks/QuartzCore.framework; sourceTree = SDKROOT; };
		204F73811647AC1700D47794 /* Futura LT Book.ttf */ = {isa = PBXFileReference; lastKnownFileType = file; path = "Futura LT Book.ttf"; sourceTree = "<group>"; };
		204F73821647AC1700D47794 /* Futura LT Bold.ttf */ = {isa = PBXFileReference; lastKnownFileType = file; path = "Futura LT Bold.ttf"; sourceTree = "<group>"; };
		204F73891647C80E00D47794 /* 2142.mp3 */ = {isa = PBXFileReference; lastKnownFileType = audio.mp3; name = 2142.mp3; path = ../../../../Downloads/2142.mp3; sourceTree = "<group>"; };
		204F738A1647C80E00D47794 /* 2142.lrc */ = {isa = PBXFileReference; fileEncoding = 4; lastKnownFileType = text; lineEnding = 0; name = 2142.lrc; path = ../../../../Downloads/2142.lrc; sourceTree = "<group>"; };
		207F898C16539B2D00FFF1A9 /* test.lrc */ = {isa = PBXFileReference; fileEncoding = 4; lastKnownFileType = text; path = test.lrc; sourceTree = "<group>"; };
		208166111568C4F800D288D7 /* LyricParser.h */ = {isa = PBXFileReference; fileEncoding = 4; lastKnownFileType = sourcecode.c.h; path = LyricParser.h; sourceTree = "<group>"; };
		208166121568C4F800D288D7 /* LyricParser.m */ = {isa = PBXFileReference; fileEncoding = 4; lastKnownFileType = sourcecode.c.objc; path = LyricParser.m; sourceTree = "<group>"; };
		20849B8016F06BA9001F2A8D /* Default-568h@2x.png */ = {isa = PBXFileReference; lastKnownFileType = image.png; path = "Default-568h@2x.png"; sourceTree = "<group>"; };
		209D6D231720090100E26ACF /* Lato-Black.ttf */ = {isa = PBXFileReference; lastKnownFileType = file; path = "Lato-Black.ttf"; sourceTree = "<group>"; };
		209D6D241720090100E26ACF /* Lato-BlackItalic.ttf */ = {isa = PBXFileReference; lastKnownFileType = file; path = "Lato-BlackItalic.ttf"; sourceTree = "<group>"; };
		209D6D251720090100E26ACF /* Lato-Bold.ttf */ = {isa = PBXFileReference; lastKnownFileType = file; path = "Lato-Bold.ttf"; sourceTree = "<group>"; };
		209D6D261720090100E26ACF /* Lato-BoldItalic.ttf */ = {isa = PBXFileReference; lastKnownFileType = file; path = "Lato-BoldItalic.ttf"; sourceTree = "<group>"; };
		209D6D271720090100E26ACF /* Lato-Hairline.ttf */ = {isa = PBXFileReference; lastKnownFileType = file; path = "Lato-Hairline.ttf"; sourceTree = "<group>"; };
		209D6D281720090100E26ACF /* Lato-HairlineItalic.ttf */ = {isa = PBXFileReference; lastKnownFileType = file; path = "Lato-HairlineItalic.ttf"; sourceTree = "<group>"; };
		209D6D291720090100E26ACF /* Lato-Italic.ttf */ = {isa = PBXFileReference; lastKnownFileType = file; path = "Lato-Italic.ttf"; sourceTree = "<group>"; };
		209D6D2A1720090100E26ACF /* Lato-Light.ttf */ = {isa = PBXFileReference; lastKnownFileType = file; path = "Lato-Light.ttf"; sourceTree = "<group>"; };
		209D6D2B1720090100E26ACF /* Lato-LightItalic.ttf */ = {isa = PBXFileReference; lastKnownFileType = file; path = "Lato-LightItalic.ttf"; sourceTree = "<group>"; };
		209D6D2C1720090100E26ACF /* Lato-Regular.ttf */ = {isa = PBXFileReference; lastKnownFileType = file; path = "Lato-Regular.ttf"; sourceTree = "<group>"; };
		209D6D2D1720090100E26ACF /* OFL.txt */ = {isa = PBXFileReference; fileEncoding = 4; lastKnownFileType = text; path = OFL.txt; sourceTree = "<group>"; };
		20F9A5B3156D363200ED44D7 /* NSMutableArray+Reverse.h */ = {isa = PBXFileReference; fileEncoding = 4; lastKnownFileType = sourcecode.c.h; path = "NSMutableArray+Reverse.h"; sourceTree = "<group>"; };
		20F9A5B4156D363200ED44D7 /* NSMutableArray+Reverse.m */ = {isa = PBXFileReference; fileEncoding = 4; lastKnownFileType = sourcecode.c.objc; path = "NSMutableArray+Reverse.m"; sourceTree = "<group>"; };
		20F9A5BC156D3BAB00ED44D7 /* AVFoundation.framework */ = {isa = PBXFileReference; lastKnownFileType = wrapper.framework; name = AVFoundation.framework; path = System/Library/Frameworks/AVFoundation.framework; sourceTree = SDKROOT; };
		20FB3CD31567EFA500F4AC61 /* LyricView.app */ = {isa = PBXFileReference; explicitFileType = wrapper.application; includeInIndex = 0; path = LyricView.app; sourceTree = BUILT_PRODUCTS_DIR; };
		20FB3CD71567EFA500F4AC61 /* UIKit.framework */ = {isa = PBXFileReference; lastKnownFileType = wrapper.framework; name = UIKit.framework; path = System/Library/Frameworks/UIKit.framework; sourceTree = SDKROOT; };
		20FB3CD91567EFA500F4AC61 /* Foundation.framework */ = {isa = PBXFileReference; lastKnownFileType = wrapper.framework; name = Foundation.framework; path = System/Library/Frameworks/Foundation.framework; sourceTree = SDKROOT; };
		20FB3CDB1567EFA500F4AC61 /* CoreGraphics.framework */ = {isa = PBXFileReference; lastKnownFileType = wrapper.framework; name = CoreGraphics.framework; path = System/Library/Frameworks/CoreGraphics.framework; sourceTree = SDKROOT; };
		20FB3CDF1567EFA500F4AC61 /* LyricView-Info.plist */ = {isa = PBXFileReference; lastKnownFileType = text.plist.xml; path = "LyricView-Info.plist"; sourceTree = "<group>"; };
		20FB3CE11567EFA500F4AC61 /* en */ = {isa = PBXFileReference; lastKnownFileType = text.plist.strings; name = en; path = en.lproj/InfoPlist.strings; sourceTree = "<group>"; };
		20FB3CE31567EFA500F4AC61 /* main.m */ = {isa = PBXFileReference; lastKnownFileType = sourcecode.c.objc; path = main.m; sourceTree = "<group>"; };
		20FB3CE51567EFA500F4AC61 /* LyricView-Prefix.pch */ = {isa = PBXFileReference; lastKnownFileType = sourcecode.c.h; path = "LyricView-Prefix.pch"; sourceTree = "<group>"; };
		20FB3CE61567EFA500F4AC61 /* AppDelegate.h */ = {isa = PBXFileReference; lastKnownFileType = sourcecode.c.h; path = AppDelegate.h; sourceTree = "<group>"; };
		20FB3CE71567EFA500F4AC61 /* AppDelegate.m */ = {isa = PBXFileReference; lastKnownFileType = sourcecode.c.objc; lineEnding = 0; path = AppDelegate.m; sourceTree = "<group>"; xcLanguageSpecificationIdentifier = xcode.lang.objc; };
		20FB3CE91567EFA500F4AC61 /* ViewController.h */ = {isa = PBXFileReference; lastKnownFileType = sourcecode.c.h; path = ViewController.h; sourceTree = "<group>"; };
		20FB3CEA1567EFA500F4AC61 /* ViewController.m */ = {isa = PBXFileReference; lastKnownFileType = sourcecode.c.objc; path = ViewController.m; sourceTree = "<group>"; };
		20FB3CED1567EFA600F4AC61 /* en */ = {isa = PBXFileReference; lastKnownFileType = file.xib; name = en; path = en.lproj/ViewController.xib; sourceTree = "<group>"; };
		21CA51F1156FA01000EA16A9 /* onsec.mp3 */ = {isa = PBXFileReference; lastKnownFileType = audio.mp3; path = onsec.mp3; sourceTree = "<group>"; };
/* End PBXFileReference section */

/* Begin PBXFrameworksBuildPhase section */
		20FB3CD01567EFA500F4AC61 /* Frameworks */ = {
			isa = PBXFrameworksBuildPhase;
			buildActionMask = 2147483647;
			files = (
				20007CF7171D312F008B16B8 /* QuartzCore.framework in Frameworks */,
				20007CF5171D310B008B16B8 /* CoreText.framework in Frameworks */,
				20F9A5BE156D3BAB00ED44D7 /* AVFoundation.framework in Frameworks */,
				20FB3CD81567EFA500F4AC61 /* UIKit.framework in Frameworks */,
				20FB3CDA1567EFA500F4AC61 /* Foundation.framework in Frameworks */,
				20FB3CDC1567EFA500F4AC61 /* CoreGraphics.framework in Frameworks */,
			);
			runOnlyForDeploymentPostprocessing = 0;
		};
/* End PBXFrameworksBuildPhase section */

/* Begin PBXGroup section */
		20007CED171D2F79008B16B8 /* Library */ = {
			isa = PBXGroup;
			children = (
				20007CEE171D2F79008B16B8 /* AUIAnimatableLabel.h */,
				20007CEF171D2F79008B16B8 /* AUIAnimatableLabel.m */,
				20007CF0171D2F79008B16B8 /* UIFont+CoreTextExtensions.h */,
				20007CF1171D2F79008B16B8 /* UIFont+CoreTextExtensions.m */,
			);
			path = Library;
			sourceTree = "<group>";
		};
		209D6D221720090100E26ACF /* Lato */ = {
			isa = PBXGroup;
			children = (
				209D6D231720090100E26ACF /* Lato-Black.ttf */,
				209D6D241720090100E26ACF /* Lato-BlackItalic.ttf */,
				209D6D251720090100E26ACF /* Lato-Bold.ttf */,
				209D6D261720090100E26ACF /* Lato-BoldItalic.ttf */,
				209D6D271720090100E26ACF /* Lato-Hairline.ttf */,
				209D6D281720090100E26ACF /* Lato-HairlineItalic.ttf */,
				209D6D291720090100E26ACF /* Lato-Italic.ttf */,
				209D6D2A1720090100E26ACF /* Lato-Light.ttf */,
				209D6D2B1720090100E26ACF /* Lato-LightItalic.ttf */,
				209D6D2C1720090100E26ACF /* Lato-Regular.ttf */,
				209D6D2D1720090100E26ACF /* OFL.txt */,
			);
			path = Lato;
			sourceTree = "<group>";
		};
		20FB3CC81567EFA500F4AC61 = {
			isa = PBXGroup;
			children = (
				20007CF6171D312F008B16B8 /* QuartzCore.framework */,
				20007CF4171D310A008B16B8 /* CoreText.framework */,
				20849B8016F06BA9001F2A8D /* Default-568h@2x.png */,
				20F9A5BC156D3BAB00ED44D7 /* AVFoundation.framework */,
				20FB3CDD1567EFA500F4AC61 /* LyricView */,
				20FB3CD61567EFA500F4AC61 /* Frameworks */,
				20FB3CD41567EFA500F4AC61 /* Products */,
			);
			sourceTree = "<group>";
		};
		20FB3CD41567EFA500F4AC61 /* Products */ = {
			isa = PBXGroup;
			children = (
				20FB3CD31567EFA500F4AC61 /* LyricView.app */,
			);
			name = Products;
			sourceTree = "<group>";
		};
		20FB3CD61567EFA500F4AC61 /* Frameworks */ = {
			isa = PBXGroup;
			children = (
				20FB3CD71567EFA500F4AC61 /* UIKit.framework */,
				20FB3CD91567EFA500F4AC61 /* Foundation.framework */,
				20FB3CDB1567EFA500F4AC61 /* CoreGraphics.framework */,
			);
			name = Frameworks;
			sourceTree = "<group>";
		};
		20FB3CDD1567EFA500F4AC61 /* LyricView */ = {
			isa = PBXGroup;
			children = (
				209D6D221720090100E26ACF /* Lato */,
				20007CED171D2F79008B16B8 /* Library */,
				204F73811647AC1700D47794 /* Futura LT Book.ttf */,
				204F73821647AC1700D47794 /* Futura LT Bold.ttf */,
				204F73891647C80E00D47794 /* 2142.mp3 */,
				204F738A1647C80E00D47794 /* 2142.lrc */,
				21CA51F1156FA01000EA16A9 /* onsec.mp3 */,
				20FB3CE61567EFA500F4AC61 /* AppDelegate.h */,
				20FB3CE71567EFA500F4AC61 /* AppDelegate.m */,
				20FB3CE91567EFA500F4AC61 /* ViewController.h */,
				20FB3CEA1567EFA500F4AC61 /* ViewController.m */,
				20FB3CEC1567EFA600F4AC61 /* ViewController.xib */,
				207F898C16539B2D00FFF1A9 /* test.lrc */,
				20F9A5B3156D363200ED44D7 /* NSMutableArray+Reverse.h */,
				20F9A5B4156D363200ED44D7 /* NSMutableArray+Reverse.m */,
				20FB3CDE1567EFA500F4AC61 /* Supporting Files */,
				208166111568C4F800D288D7 /* LyricParser.h */,
				208166121568C4F800D288D7 /* LyricParser.m */,
			);
			path = LyricView;
			sourceTree = "<group>";
		};
		20FB3CDE1567EFA500F4AC61 /* Supporting Files */ = {
			isa = PBXGroup;
			children = (
				20FB3CDF1567EFA500F4AC61 /* LyricView-Info.plist */,
				20FB3CE01567EFA500F4AC61 /* InfoPlist.strings */,
				20FB3CE31567EFA500F4AC61 /* main.m */,
				20FB3CE51567EFA500F4AC61 /* LyricView-Prefix.pch */,
			);
			name = "Supporting Files";
			sourceTree = "<group>";
		};
/* End PBXGroup section */

/* Begin PBXNativeTarget section */
		20FB3CD21567EFA500F4AC61 /* LyricView */ = {
			isa = PBXNativeTarget;
			buildConfigurationList = 20FB3CF11567EFA600F4AC61 /* Build configuration list for PBXNativeTarget "LyricView" */;
			buildPhases = (
				20FB3CCF1567EFA500F4AC61 /* Sources */,
				20FB3CD01567EFA500F4AC61 /* Frameworks */,
				20FB3CD11567EFA500F4AC61 /* Resources */,
			);
			buildRules = (
			);
			dependencies = (
			);
			name = LyricView;
			productName = LyricView;
			productReference = 20FB3CD31567EFA500F4AC61 /* LyricView.app */;
			productType = "com.apple.product-type.application";
		};
/* End PBXNativeTarget section */

/* Begin PBXProject section */
		20FB3CCA1567EFA500F4AC61 /* Project object */ = {
			isa = PBXProject;
			attributes = {
				LastUpgradeCheck = 0460;
			};
			buildConfigurationList = 20FB3CCD1567EFA500F4AC61 /* Build configuration list for PBXProject "LyricView" */;
			compatibilityVersion = "Xcode 3.2";
			developmentRegion = English;
			hasScannedForEncodings = 0;
			knownRegions = (
				en,
			);
			mainGroup = 20FB3CC81567EFA500F4AC61;
			productRefGroup = 20FB3CD41567EFA500F4AC61 /* Products */;
			projectDirPath = "";
			projectRoot = "";
			targets = (
				20FB3CD21567EFA500F4AC61 /* LyricView */,
			);
		};
/* End PBXProject section */

/* Begin PBXResourcesBuildPhase section */
		20FB3CD11567EFA500F4AC61 /* Resources */ = {
			isa = PBXResourcesBuildPhase;
			buildActionMask = 2147483647;
			files = (
				20FB3CE21567EFA500F4AC61 /* InfoPlist.strings in Resources */,
				20FB3CEE1567EFA600F4AC61 /* ViewController.xib in Resources */,
				21CA51F2156FA01000EA16A9 /* onsec.mp3 in Resources */,
				204F73831647AC1800D47794 /* Futura LT Book.ttf in Resources */,
				204F73841647AC1800D47794 /* Futura LT Bold.ttf in Resources */,
				204F738B1647C80E00D47794 /* 2142.mp3 in Resources */,
				204F738C1647C80E00D47794 /* 2142.lrc in Resources */,
				207F898D16539B2D00FFF1A9 /* test.lrc in Resources */,
				20849B8116F06BA9001F2A8D /* Default-568h@2x.png in Resources */,
				209D6D2E1720090100E26ACF /* Lato-Black.ttf in Resources */,
				209D6D2F1720090100E26ACF /* Lato-BlackItalic.ttf in Resources */,
				209D6D301720090100E26ACF /* Lato-Bold.ttf in Resources */,
				209D6D311720090100E26ACF /* Lato-BoldItalic.ttf in Resources */,
				209D6D321720090100E26ACF /* Lato-Hairline.ttf in Resources */,
				209D6D331720090100E26ACF /* Lato-HairlineItalic.ttf in Resources */,
				209D6D341720090100E26ACF /* Lato-Italic.ttf in Resources */,
				209D6D351720090100E26ACF /* Lato-Light.ttf in Resources */,
				209D6D361720090100E26ACF /* Lato-LightItalic.ttf in Resources */,
				209D6D371720090100E26ACF /* Lato-Regular.ttf in Resources */,
				209D6D381720090100E26ACF /* OFL.txt in Resources */,
			);
			runOnlyForDeploymentPostprocessing = 0;
		};
/* End PBXResourcesBuildPhase section */

/* Begin PBXSourcesBuildPhase section */
		20FB3CCF1567EFA500F4AC61 /* Sources */ = {
			isa = PBXSourcesBuildPhase;
			buildActionMask = 2147483647;
			files = (
				20FB3CE41567EFA500F4AC61 /* main.m in Sources */,
				20FB3CE81567EFA500F4AC61 /* AppDelegate.m in Sources */,
				20FB3CEB1567EFA500F4AC61 /* ViewController.m in Sources */,
				208166131568C4F800D288D7 /* LyricParser.m in Sources */,
				20F9A5B5156D363200ED44D7 /* NSMutableArray+Reverse.m in Sources */,
				20007CF2171D2F79008B16B8 /* AUIAnimatableLabel.m in Sources */,
				20007CF3171D2F79008B16B8 /* UIFont+CoreTextExtensions.m in Sources */,
			);
			runOnlyForDeploymentPostprocessing = 0;
		};
/* End PBXSourcesBuildPhase section */

/* Begin PBXVariantGroup section */
		20FB3CE01567EFA500F4AC61 /* InfoPlist.strings */ = {
			isa = PBXVariantGroup;
			children = (
				20FB3CE11567EFA500F4AC61 /* en */,
			);
			name = InfoPlist.strings;
			sourceTree = "<group>";
		};
		20FB3CEC1567EFA600F4AC61 /* ViewController.xib */ = {
			isa = PBXVariantGroup;
			children = (
				20FB3CED1567EFA600F4AC61 /* en */,
			);
			name = ViewController.xib;
			sourceTree = "<group>";
		};
/* End PBXVariantGroup section */

/* Begin XCBuildConfiguration section */
		20FB3CEF1567EFA600F4AC61 /* Debug */ = {
			isa = XCBuildConfiguration;
			buildSettings = {
				ALWAYS_SEARCH_USER_PATHS = NO;
				ARCHS = "$(ARCHS_STANDARD_32_BIT)";
				CLANG_ENABLE_OBJC_ARC = YES;
				CLANG_WARN_CONSTANT_CONVERSION = YES;
				CLANG_WARN_ENUM_CONVERSION = YES;
				CLANG_WARN_INT_CONVERSION = YES;
				CLANG_WARN__DUPLICATE_METHOD_MATCH = YES;
				"CODE_SIGN_IDENTITY[sdk=iphoneos*]" = "iPhone Developer";
				COPY_PHASE_STRIP = NO;
				GCC_C_LANGUAGE_STANDARD = gnu99;
				GCC_DYNAMIC_NO_PIC = NO;
				GCC_OPTIMIZATION_LEVEL = 0;
				GCC_PREPROCESSOR_DEFINITIONS = (
					"DEBUG=1",
					"$(inherited)",
				);
				GCC_SYMBOLS_PRIVATE_EXTERN = NO;
				GCC_VERSION = com.apple.compilers.llvm.clang.1_0;
				GCC_WARN_ABOUT_RETURN_TYPE = YES;
				GCC_WARN_UNINITIALIZED_AUTOS = YES;
				GCC_WARN_UNUSED_VARIABLE = YES;
				IPHONEOS_DEPLOYMENT_TARGET = 5.1;
				SDKROOT = iphoneos;
			};
			name = Debug;
		};
		20FB3CF01567EFA600F4AC61 /* Release */ = {
			isa = XCBuildConfiguration;
			buildSettings = {
				ALWAYS_SEARCH_USER_PATHS = NO;
				ARCHS = "$(ARCHS_STANDARD_32_BIT)";
				CLANG_ENABLE_OBJC_ARC = YES;
				CLANG_WARN_CONSTANT_CONVERSION = YES;
				CLANG_WARN_ENUM_CONVERSION = YES;
				CLANG_WARN_INT_CONVERSION = YES;
				CLANG_WARN__DUPLICATE_METHOD_MATCH = YES;
				"CODE_SIGN_IDENTITY[sdk=iphoneos*]" = "iPhone Developer";
				COPY_PHASE_STRIP = YES;
				GCC_C_LANGUAGE_STANDARD = gnu99;
				GCC_VERSION = com.apple.compilers.llvm.clang.1_0;
				GCC_WARN_ABOUT_RETURN_TYPE = YES;
				GCC_WARN_UNINITIALIZED_AUTOS = YES;
				GCC_WARN_UNUSED_VARIABLE = YES;
				IPHONEOS_DEPLOYMENT_TARGET = 5.1;
				OTHER_CFLAGS = "-DNS_BLOCK_ASSERTIONS=1";
				SDKROOT = iphoneos;
				VALIDATE_PRODUCT = YES;
			};
			name = Release;
		};
		20FB3CF21567EFA600F4AC61 /* Debug */ = {
			isa = XCBuildConfiguration;
			buildSettings = {
				GCC_PRECOMPILE_PREFIX_HEADER = YES;
				GCC_PREFIX_HEADER = "LyricView/LyricView-Prefix.pch";
				GCC_VERSION = "";
				INFOPLIST_FILE = "LyricView/LyricView-Info.plist";
				PRODUCT_NAME = "$(TARGET_NAME)";
				WRAPPER_EXTENSION = app;
			};
			name = Debug;
		};
		20FB3CF31567EFA600F4AC61 /* Release */ = {
			isa = XCBuildConfiguration;
			buildSettings = {
				GCC_PRECOMPILE_PREFIX_HEADER = YES;
				GCC_PREFIX_HEADER = "LyricView/LyricView-Prefix.pch";
				GCC_VERSION = "";
				INFOPLIST_FILE = "LyricView/LyricView-Info.plist";
				PRODUCT_NAME = "$(TARGET_NAME)";
				WRAPPER_EXTENSION = app;
			};
			name = Release;
		};
/* End XCBuildConfiguration section */

/* Begin XCConfigurationList section */
		20FB3CCD1567EFA500F4AC61 /* Build configuration list for PBXProject "LyricView" */ = {
			isa = XCConfigurationList;
			buildConfigurations = (
				20FB3CEF1567EFA600F4AC61 /* Debug */,
				20FB3CF01567EFA600F4AC61 /* Release */,
			);
			defaultConfigurationIsVisible = 0;
			defaultConfigurationName = Release;
		};
		20FB3CF11567EFA600F4AC61 /* Build configuration list for PBXNativeTarget "LyricView" */ = {
			isa = XCConfigurationList;
			buildConfigurations = (
				20FB3CF21567EFA600F4AC61 /* Debug */,
				20FB3CF31567EFA600F4AC61 /* Release */,
			);
			defaultConfigurationIsVisible = 0;
			defaultConfigurationName = Release;
		};
/* End XCConfigurationList section */
	};
	rootObject = 20FB3CCA1567EFA500F4AC61 /* Project object */;
}
