// !$*UTF8*$!
{
	archiveVersion = 1;
	classes = {
	};
	objectVersion = 46;
	objects = {

/* Begin PBXBuildFile section */
		204F73831647AC1800D47794 /* Futura LT Book.ttf in Resources */ = {isa = PBXBuildFile; fileRef = 204F73811647AC1700D47794 /* Futura LT Book.ttf */; };
		204F73841647AC1800D47794 /* Futura LT Bold.ttf in Resources */ = {isa = PBXBuildFile; fileRef = 204F73821647AC1700D47794 /* Futura LT Bold.ttf */; };
		204F738B1647C80E00D47794 /* 2142.mp3 in Resources */ = {isa = PBXBuildFile; fileRef = 204F73891647C80E00D47794 /* 2142.mp3 */; };
		204F738C1647C80E00D47794 /* 2142.lrc in Resources */ = {isa = PBXBuildFile; fileRef = 204F738A1647C80E00D47794 /* 2142.lrc */; };
		207F898D16539B2D00FFF1A9 /* test.lrc in Resources */ = {isa = PBXBuildFile; fileRef = 207F898C16539B2D00FFF1A9 /* test.lrc */; };
		208166131568C4F800D288D7 /* LyricParser.m in Sources */ = {isa = PBXBuildFile; fileRef = 208166121568C4F800D288D7 /* LyricParser.m */; };
		20849B4816F04AE5001F2A8D /* BadRomance_01.wav in Resources */ = {isa = PBXBuildFile; fileRef = 20849B3316F04AE5001F2A8D /* BadRomance_01.wav */; };
		20849B4916F04AE5001F2A8D /* BadRomance_02.wav in Resources */ = {isa = PBXBuildFile; fileRef = 20849B3416F04AE5001F2A8D /* BadRomance_02.wav */; };
		20849B4A16F04AE5001F2A8D /* BadRomance_03.wav in Resources */ = {isa = PBXBuildFile; fileRef = 20849B3516F04AE5001F2A8D /* BadRomance_03.wav */; };
		20849B4B16F04AE5001F2A8D /* BadRomance_04.wav in Resources */ = {isa = PBXBuildFile; fileRef = 20849B3616F04AE5001F2A8D /* BadRomance_04.wav */; };
		20849B4C16F04AE5001F2A8D /* BadRomance_05.wav in Resources */ = {isa = PBXBuildFile; fileRef = 20849B3716F04AE5001F2A8D /* BadRomance_05.wav */; };
		20849B4D16F04AE5001F2A8D /* BadRomance_06.wav in Resources */ = {isa = PBXBuildFile; fileRef = 20849B3816F04AE5001F2A8D /* BadRomance_06.wav */; };
		20849B4E16F04AE5001F2A8D /* BadRomance_07.wav in Resources */ = {isa = PBXBuildFile; fileRef = 20849B3916F04AE5001F2A8D /* BadRomance_07.wav */; };
		20849B4F16F04AE5001F2A8D /* BadRomance_08.wav in Resources */ = {isa = PBXBuildFile; fileRef = 20849B3A16F04AE5001F2A8D /* BadRomance_08.wav */; };
		20849B5016F04AE5001F2A8D /* BadRomance_09.wav in Resources */ = {isa = PBXBuildFile; fileRef = 20849B3B16F04AE5001F2A8D /* BadRomance_09.wav */; };
		20849B5116F04AE5001F2A8D /* BadRomance_notes.rtf in Resources */ = {isa = PBXBuildFile; fileRef = 20849B3C16F04AE5001F2A8D /* BadRomance_notes.rtf */; };
		20849B5216F04AE5001F2A8D /* BadRomance_01.lrc in Resources */ = {isa = PBXBuildFile; fileRef = 20849B3E16F04AE5001F2A8D /* BadRomance_01.lrc */; };
		20849B5316F04AE5001F2A8D /* BadRomance_02.lrc in Resources */ = {isa = PBXBuildFile; fileRef = 20849B3F16F04AE5001F2A8D /* BadRomance_02.lrc */; };
		20849B5416F04AE5001F2A8D /* BadRomance_03.lrc in Resources */ = {isa = PBXBuildFile; fileRef = 20849B4016F04AE5001F2A8D /* BadRomance_03.lrc */; };
		20849B5516F04AE5001F2A8D /* BadRomance_04.lrc in Resources */ = {isa = PBXBuildFile; fileRef = 20849B4116F04AE5001F2A8D /* BadRomance_04.lrc */; };
		20849B5616F04AE5001F2A8D /* BadRomance_05.lrc in Resources */ = {isa = PBXBuildFile; fileRef = 20849B4216F04AE5001F2A8D /* BadRomance_05.lrc */; };
		20849B5716F04AE5001F2A8D /* BadRomance_06.lrc in Resources */ = {isa = PBXBuildFile; fileRef = 20849B4316F04AE5001F2A8D /* BadRomance_06.lrc */; };
		20849B5816F04AE5001F2A8D /* BadRomance_07.lrc in Resources */ = {isa = PBXBuildFile; fileRef = 20849B4416F04AE5001F2A8D /* BadRomance_07.lrc */; };
		20849B5916F04AE5001F2A8D /* BadRomance_08.lrc in Resources */ = {isa = PBXBuildFile; fileRef = 20849B4516F04AE5001F2A8D /* BadRomance_08.lrc */; };
		20849B5A16F04AE5001F2A8D /* BadRomance_09.lrc in Resources */ = {isa = PBXBuildFile; fileRef = 20849B4616F04AE5001F2A8D /* BadRomance_09.lrc */; };
		20849B5B16F04AE5001F2A8D /* BadRomance_10.lrc in Resources */ = {isa = PBXBuildFile; fileRef = 20849B4716F04AE5001F2A8D /* BadRomance_10.lrc */; };
		20F9A5B5156D363200ED44D7 /* NSMutableArray+Reverse.m in Sources */ = {isa = PBXBuildFile; fileRef = 20F9A5B4156D363200ED44D7 /* NSMutableArray+Reverse.m */; };
		20F9A5BE156D3BAB00ED44D7 /* AVFoundation.framework in Frameworks */ = {isa = PBXBuildFile; fileRef = 20F9A5BC156D3BAB00ED44D7 /* AVFoundation.framework */; };
		20FB3CD81567EFA500F4AC61 /* UIKit.framework in Frameworks */ = {isa = PBXBuildFile; fileRef = 20FB3CD71567EFA500F4AC61 /* UIKit.framework */; };
		20FB3CDA1567EFA500F4AC61 /* Foundation.framework in Frameworks */ = {isa = PBXBuildFile; fileRef = 20FB3CD91567EFA500F4AC61 /* Foundation.framework */; };
		20FB3CDC1567EFA500F4AC61 /* CoreGraphics.framework in Frameworks */ = {isa = PBXBuildFile; fileRef = 20FB3CDB1567EFA500F4AC61 /* CoreGraphics.framework */; };
		20FB3CE21567EFA500F4AC61 /* InfoPlist.strings in Resources */ = {isa = PBXBuildFile; fileRef = 20FB3CE01567EFA500F4AC61 /* InfoPlist.strings */; };
		20FB3CE41567EFA500F4AC61 /* main.m in Sources */ = {isa = PBXBuildFile; fileRef = 20FB3CE31567EFA500F4AC61 /* main.m */; };
		20FB3CE81567EFA500F4AC61 /* AppDelegate.m in Sources */ = {isa = PBXBuildFile; fileRef = 20FB3CE71567EFA500F4AC61 /* AppDelegate.m */; };
		20FB3CEB1567EFA500F4AC61 /* ViewController.m in Sources */ = {isa = PBXBuildFile; fileRef = 20FB3CEA1567EFA500F4AC61 /* ViewController.m */; };
		20FB3CEE1567EFA600F4AC61 /* ViewController.xib in Resources */ = {isa = PBXBuildFile; fileRef = 20FB3CEC1567EFA600F4AC61 /* ViewController.xib */; };
		21CA51F2156FA01000EA16A9 /* onsec.mp3 in Resources */ = {isa = PBXBuildFile; fileRef = 21CA51F1156FA01000EA16A9 /* onsec.mp3 */; };
/* End PBXBuildFile section */

/* Begin PBXFileReference section */
		204F73811647AC1700D47794 /* Futura LT Book.ttf */ = {isa = PBXFileReference; lastKnownFileType = file; path = "Futura LT Book.ttf"; sourceTree = "<group>"; };
		204F73821647AC1700D47794 /* Futura LT Bold.ttf */ = {isa = PBXFileReference; lastKnownFileType = file; path = "Futura LT Bold.ttf"; sourceTree = "<group>"; };
		204F73891647C80E00D47794 /* 2142.mp3 */ = {isa = PBXFileReference; lastKnownFileType = audio.mp3; name = 2142.mp3; path = ../../../../Downloads/2142.mp3; sourceTree = "<group>"; };
		204F738A1647C80E00D47794 /* 2142.lrc */ = {isa = PBXFileReference; fileEncoding = 4; lastKnownFileType = text; name = 2142.lrc; path = ../../../../Downloads/2142.lrc; sourceTree = "<group>"; };
		207F898C16539B2D00FFF1A9 /* test.lrc */ = {isa = PBXFileReference; fileEncoding = 4; lastKnownFileType = text; path = test.lrc; sourceTree = "<group>"; };
		208166111568C4F800D288D7 /* LyricParser.h */ = {isa = PBXFileReference; fileEncoding = 4; lastKnownFileType = sourcecode.c.h; path = LyricParser.h; sourceTree = "<group>"; };
		208166121568C4F800D288D7 /* LyricParser.m */ = {isa = PBXFileReference; fileEncoding = 4; lastKnownFileType = sourcecode.c.objc; path = LyricParser.m; sourceTree = "<group>"; };
		20849B3316F04AE5001F2A8D /* BadRomance_01.wav */ = {isa = PBXFileReference; lastKnownFileType = audio.wav; path = BadRomance_01.wav; sourceTree = "<group>"; };
		20849B3416F04AE5001F2A8D /* BadRomance_02.wav */ = {isa = PBXFileReference; lastKnownFileType = audio.wav; path = BadRomance_02.wav; sourceTree = "<group>"; };
		20849B3516F04AE5001F2A8D /* BadRomance_03.wav */ = {isa = PBXFileReference; lastKnownFileType = audio.wav; path = BadRomance_03.wav; sourceTree = "<group>"; };
		20849B3616F04AE5001F2A8D /* BadRomance_04.wav */ = {isa = PBXFileReference; lastKnownFileType = audio.wav; path = BadRomance_04.wav; sourceTree = "<group>"; };
		20849B3716F04AE5001F2A8D /* BadRomance_05.wav */ = {isa = PBXFileReference; lastKnownFileType = audio.wav; path = BadRomance_05.wav; sourceTree = "<group>"; };
		20849B3816F04AE5001F2A8D /* BadRomance_06.wav */ = {isa = PBXFileReference; lastKnownFileType = audio.wav; path = BadRomance_06.wav; sourceTree = "<group>"; };
		20849B3916F04AE5001F2A8D /* BadRomance_07.wav */ = {isa = PBXFileReference; lastKnownFileType = audio.wav; path = BadRomance_07.wav; sourceTree = "<group>"; };
		20849B3A16F04AE5001F2A8D /* BadRomance_08.wav */ = {isa = PBXFileReference; lastKnownFileType = audio.wav; path = BadRomance_08.wav; sourceTree = "<group>"; };
		20849B3B16F04AE5001F2A8D /* BadRomance_09.wav */ = {isa = PBXFileReference; lastKnownFileType = audio.wav; path = BadRomance_09.wav; sourceTree = "<group>"; };
		20849B3C16F04AE5001F2A8D /* BadRomance_notes.rtf */ = {isa = PBXFileReference; fileEncoding = 4; lastKnownFileType = text.rtf; path = BadRomance_notes.rtf; sourceTree = "<group>"; };
		20849B3E16F04AE5001F2A8D /* BadRomance_01.lrc */ = {isa = PBXFileReference; fileEncoding = 4; lastKnownFileType = text; path = BadRomance_01.lrc; sourceTree = "<group>"; };
		20849B3F16F04AE5001F2A8D /* BadRomance_02.lrc */ = {isa = PBXFileReference; fileEncoding = 4; lastKnownFileType = text; path = BadRomance_02.lrc; sourceTree = "<group>"; };
		20849B4016F04AE5001F2A8D /* BadRomance_03.lrc */ = {isa = PBXFileReference; fileEncoding = 4; lastKnownFileType = text; path = BadRomance_03.lrc; sourceTree = "<group>"; };
		20849B4116F04AE5001F2A8D /* BadRomance_04.lrc */ = {isa = PBXFileReference; fileEncoding = 4; lastKnownFileType = text; path = BadRomance_04.lrc; sourceTree = "<group>"; };
		20849B4216F04AE5001F2A8D /* BadRomance_05.lrc */ = {isa = PBXFileReference; fileEncoding = 4; lastKnownFileType = text; path = BadRomance_05.lrc; sourceTree = "<group>"; };
		20849B4316F04AE5001F2A8D /* BadRomance_06.lrc */ = {isa = PBXFileReference; fileEncoding = 4; lastKnownFileType = text; path = BadRomance_06.lrc; sourceTree = "<group>"; };
		20849B4416F04AE5001F2A8D /* BadRomance_07.lrc */ = {isa = PBXFileReference; fileEncoding = 4; lastKnownFileType = text; path = BadRomance_07.lrc; sourceTree = "<group>"; };
		20849B4516F04AE5001F2A8D /* BadRomance_08.lrc */ = {isa = PBXFileReference; fileEncoding = 4; lastKnownFileType = text; path = BadRomance_08.lrc; sourceTree = "<group>"; };
		20849B4616F04AE5001F2A8D /* BadRomance_09.lrc */ = {isa = PBXFileReference; fileEncoding = 4; lastKnownFileType = text; path = BadRomance_09.lrc; sourceTree = "<group>"; };
		20849B4716F04AE5001F2A8D /* BadRomance_10.lrc */ = {isa = PBXFileReference; fileEncoding = 4; lastKnownFileType = text; path = BadRomance_10.lrc; sourceTree = "<group>"; };
		20F9A5B3156D363200ED44D7 /* NSMutableArray+Reverse.h */ = {isa = PBXFileReference; fileEncoding = 4; lastKnownFileType = sourcecode.c.h; path = "NSMutableArray+Reverse.h"; sourceTree = "<group>"; };
		20F9A5B4156D363200ED44D7 /* NSMutableArray+Reverse.m */ = {isa = PBXFileReference; fileEncoding = 4; lastKnownFileType = sourcecode.c.objc; path = "NSMutableArray+Reverse.m"; sourceTree = "<group>"; };
		20F9A5BC156D3BAB00ED44D7 /* AVFoundation.framework */ = {isa = PBXFileReference; lastKnownFileType = wrapper.framework; name = AVFoundation.framework; path = System/Library/Frameworks/AVFoundation.framework; sourceTree = SDKROOT; };
		20FB3CD31567EFA500F4AC61 /* LyricView.app */ = {isa = PBXFileReference; explicitFileType = wrapper.application; includeInIndex = 0; path = LyricView.app; sourceTree = BUILT_PRODUCTS_DIR; };
		20FB3CD71567EFA500F4AC61 /* UIKit.framework */ = {isa = PBXFileReference; lastKnownFileType = wrapper.framework; name = UIKit.framework; path = System/Library/Frameworks/UIKit.framework; sourceTree = SDKROOT; };
		20FB3CD91567EFA500F4AC61 /* Foundation.framework */ = {isa = PBXFileReference; lastKnownFileType = wrapper.framework; name = Foundation.framework; path = System/Library/Frameworks/Foundation.framework; sourceTree = SDKROOT; };
		20FB3CDB1567EFA500F4AC61 /* CoreGraphics.framework */ = {isa = PBXFileReference; lastKnownFileType = wrapper.framework; name = CoreGraphics.framework; path = System/Library/Frameworks/CoreGraphics.framework; sourceTree = SDKROOT; };
		20FB3CDF1567EFA500F4AC61 /* LyricView-Info.plist */ = {isa = PBXFileReference; lastKnownFileType = text.plist.xml; path = "LyricView-Info.plist"; sourceTree = "<group>"; };
		20FB3CE11567EFA500F4AC61 /* en */ = {isa = PBXFileReference; lastKnownFileType = text.plist.strings; name = en; path = en.lproj/InfoPlist.strings; sourceTree = "<group>"; };
		20FB3CE31567EFA500F4AC61 /* main.m */ = {isa = PBXFileReference; lastKnownFileType = sourcecode.c.objc; path = main.m; sourceTree = "<group>"; };
		20FB3CE51567EFA500F4AC61 /* LyricView-Prefix.pch */ = {isa = PBXFileReference; lastKnownFileType = sourcecode.c.h; path = "LyricView-Prefix.pch"; sourceTree = "<group>"; };
		20FB3CE61567EFA500F4AC61 /* AppDelegate.h */ = {isa = PBXFileReference; lastKnownFileType = sourcecode.c.h; path = AppDelegate.h; sourceTree = "<group>"; };
		20FB3CE71567EFA500F4AC61 /* AppDelegate.m */ = {isa = PBXFileReference; lastKnownFileType = sourcecode.c.objc; path = AppDelegate.m; sourceTree = "<group>"; };
		20FB3CE91567EFA500F4AC61 /* ViewController.h */ = {isa = PBXFileReference; lastKnownFileType = sourcecode.c.h; path = ViewController.h; sourceTree = "<group>"; };
		20FB3CEA1567EFA500F4AC61 /* ViewController.m */ = {isa = PBXFileReference; lastKnownFileType = sourcecode.c.objc; path = ViewController.m; sourceTree = "<group>"; };
		20FB3CED1567EFA600F4AC61 /* en */ = {isa = PBXFileReference; lastKnownFileType = file.xib; name = en; path = en.lproj/ViewController.xib; sourceTree = "<group>"; };
		21CA51F1156FA01000EA16A9 /* onsec.mp3 */ = {isa = PBXFileReference; lastKnownFileType = audio.mp3; path = onsec.mp3; sourceTree = "<group>"; };
/* End PBXFileReference section */

/* Begin PBXFrameworksBuildPhase section */
		20FB3CD01567EFA500F4AC61 /* Frameworks */ = {
			isa = PBXFrameworksBuildPhase;
			buildActionMask = 2147483647;
			files = (
				20F9A5BE156D3BAB00ED44D7 /* AVFoundation.framework in Frameworks */,
				20FB3CD81567EFA500F4AC61 /* UIKit.framework in Frameworks */,
				20FB3CDA1567EFA500F4AC61 /* Foundation.framework in Frameworks */,
				20FB3CDC1567EFA500F4AC61 /* CoreGraphics.framework in Frameworks */,
			);
			runOnlyForDeploymentPostprocessing = 0;
		};
/* End PBXFrameworksBuildPhase section */

/* Begin PBXGroup section */
		20849B3216F04AE5001F2A8D /* Bad Romance */ = {
			isa = PBXGroup;
			children = (
				20849B3316F04AE5001F2A8D /* BadRomance_01.wav */,
				20849B3416F04AE5001F2A8D /* BadRomance_02.wav */,
				20849B3516F04AE5001F2A8D /* BadRomance_03.wav */,
				20849B3616F04AE5001F2A8D /* BadRomance_04.wav */,
				20849B3716F04AE5001F2A8D /* BadRomance_05.wav */,
				20849B3816F04AE5001F2A8D /* BadRomance_06.wav */,
				20849B3916F04AE5001F2A8D /* BadRomance_07.wav */,
				20849B3A16F04AE5001F2A8D /* BadRomance_08.wav */,
				20849B3B16F04AE5001F2A8D /* BadRomance_09.wav */,
				20849B3C16F04AE5001F2A8D /* BadRomance_notes.rtf */,
				20849B3D16F04AE5001F2A8D /* lyrics */,
			);
			name = "Bad Romance";
			path = "../../../../Dropbox/song_processing/Bad Romance";
			sourceTree = "<group>";
		};
		20849B3D16F04AE5001F2A8D /* lyrics */ = {
			isa = PBXGroup;
			children = (
				20849B3E16F04AE5001F2A8D /* BadRomance_01.lrc */,
				20849B3F16F04AE5001F2A8D /* BadRomance_02.lrc */,
				20849B4016F04AE5001F2A8D /* BadRomance_03.lrc */,
				20849B4116F04AE5001F2A8D /* BadRomance_04.lrc */,
				20849B4216F04AE5001F2A8D /* BadRomance_05.lrc */,
				20849B4316F04AE5001F2A8D /* BadRomance_06.lrc */,
				20849B4416F04AE5001F2A8D /* BadRomance_07.lrc */,
				20849B4516F04AE5001F2A8D /* BadRomance_08.lrc */,
				20849B4616F04AE5001F2A8D /* BadRomance_09.lrc */,
				20849B4716F04AE5001F2A8D /* BadRomance_10.lrc */,
			);
			path = lyrics;
			sourceTree = "<group>";
		};
		20FB3CC81567EFA500F4AC61 = {
			isa = PBXGroup;
			children = (
				20F9A5BC156D3BAB00ED44D7 /* AVFoundation.framework */,
				20FB3CDD1567EFA500F4AC61 /* LyricView */,
				20FB3CD61567EFA500F4AC61 /* Frameworks */,
				20FB3CD41567EFA500F4AC61 /* Products */,
			);
			sourceTree = "<group>";
		};
		20FB3CD41567EFA500F4AC61 /* Products */ = {
			isa = PBXGroup;
			children = (
				20FB3CD31567EFA500F4AC61 /* LyricView.app */,
			);
			name = Products;
			sourceTree = "<group>";
		};
		20FB3CD61567EFA500F4AC61 /* Frameworks */ = {
			isa = PBXGroup;
			children = (
				20FB3CD71567EFA500F4AC61 /* UIKit.framework */,
				20FB3CD91567EFA500F4AC61 /* Foundation.framework */,
				20FB3CDB1567EFA500F4AC61 /* CoreGraphics.framework */,
			);
			name = Frameworks;
			sourceTree = "<group>";
		};
		20FB3CDD1567EFA500F4AC61 /* LyricView */ = {
			isa = PBXGroup;
			children = (
				204F73811647AC1700D47794 /* Futura LT Book.ttf */,
				204F73821647AC1700D47794 /* Futura LT Bold.ttf */,
				204F73891647C80E00D47794 /* 2142.mp3 */,
				204F738A1647C80E00D47794 /* 2142.lrc */,
				21CA51F1156FA01000EA16A9 /* onsec.mp3 */,
				20FB3CE61567EFA500F4AC61 /* AppDelegate.h */,
				20FB3CE71567EFA500F4AC61 /* AppDelegate.m */,
				20FB3CE91567EFA500F4AC61 /* ViewController.h */,
				20FB3CEA1567EFA500F4AC61 /* ViewController.m */,
				20FB3CEC1567EFA600F4AC61 /* ViewController.xib */,
				207F898C16539B2D00FFF1A9 /* test.lrc */,
				20F9A5B3156D363200ED44D7 /* NSMutableArray+Reverse.h */,
				20F9A5B4156D363200ED44D7 /* NSMutableArray+Reverse.m */,
				20849B3216F04AE5001F2A8D /* Bad Romance */,
				20FB3CDE1567EFA500F4AC61 /* Supporting Files */,
				208166111568C4F800D288D7 /* LyricParser.h */,
				208166121568C4F800D288D7 /* LyricParser.m */,
			);
			path = LyricView;
			sourceTree = "<group>";
		};
		20FB3CDE1567EFA500F4AC61 /* Supporting Files */ = {
			isa = PBXGroup;
			children = (
				20FB3CDF1567EFA500F4AC61 /* LyricView-Info.plist */,
				20FB3CE01567EFA500F4AC61 /* InfoPlist.strings */,
				20FB3CE31567EFA500F4AC61 /* main.m */,
				20FB3CE51567EFA500F4AC61 /* LyricView-Prefix.pch */,
			);
			name = "Supporting Files";
			sourceTree = "<group>";
		};
/* End PBXGroup section */

/* Begin PBXNativeTarget section */
		20FB3CD21567EFA500F4AC61 /* LyricView */ = {
			isa = PBXNativeTarget;
			buildConfigurationList = 20FB3CF11567EFA600F4AC61 /* Build configuration list for PBXNativeTarget "LyricView" */;
			buildPhases = (
				20FB3CCF1567EFA500F4AC61 /* Sources */,
				20FB3CD01567EFA500F4AC61 /* Frameworks */,
				20FB3CD11567EFA500F4AC61 /* Resources */,
			);
			buildRules = (
			);
			dependencies = (
			);
			name = LyricView;
			productName = LyricView;
			productReference = 20FB3CD31567EFA500F4AC61 /* LyricView.app */;
			productType = "com.apple.product-type.application";
		};
/* End PBXNativeTarget section */

/* Begin PBXProject section */
		20FB3CCA1567EFA500F4AC61 /* Project object */ = {
			isa = PBXProject;
			attributes = {
				LastUpgradeCheck = 0430;
			};
			buildConfigurationList = 20FB3CCD1567EFA500F4AC61 /* Build configuration list for PBXProject "LyricView" */;
			compatibilityVersion = "Xcode 3.2";
			developmentRegion = English;
			hasScannedForEncodings = 0;
			knownRegions = (
				en,
			);
			mainGroup = 20FB3CC81567EFA500F4AC61;
			productRefGroup = 20FB3CD41567EFA500F4AC61 /* Products */;
			projectDirPath = "";
			projectRoot = "";
			targets = (
				20FB3CD21567EFA500F4AC61 /* LyricView */,
			);
		};
/* End PBXProject section */

/* Begin PBXResourcesBuildPhase section */
		20FB3CD11567EFA500F4AC61 /* Resources */ = {
			isa = PBXResourcesBuildPhase;
			buildActionMask = 2147483647;
			files = (
				20FB3CE21567EFA500F4AC61 /* InfoPlist.strings in Resources */,
				20FB3CEE1567EFA600F4AC61 /* ViewController.xib in Resources */,
				21CA51F2156FA01000EA16A9 /* onsec.mp3 in Resources */,
				204F73831647AC1800D47794 /* Futura LT Book.ttf in Resources */,
				204F73841647AC1800D47794 /* Futura LT Bold.ttf in Resources */,
				204F738B1647C80E00D47794 /* 2142.mp3 in Resources */,
				204F738C1647C80E00D47794 /* 2142.lrc in Resources */,
				207F898D16539B2D00FFF1A9 /* test.lrc in Resources */,
				20849B4816F04AE5001F2A8D /* BadRomance_01.wav in Resources */,
				20849B4916F04AE5001F2A8D /* BadRomance_02.wav in Resources */,
				20849B4A16F04AE5001F2A8D /* BadRomance_03.wav in Resources */,
				20849B4B16F04AE5001F2A8D /* BadRomance_04.wav in Resources */,
				20849B4C16F04AE5001F2A8D /* BadRomance_05.wav in Resources */,
				20849B4D16F04AE5001F2A8D /* BadRomance_06.wav in Resources */,
				20849B4E16F04AE5001F2A8D /* BadRomance_07.wav in Resources */,
				20849B4F16F04AE5001F2A8D /* BadRomance_08.wav in Resources */,
				20849B5016F04AE5001F2A8D /* BadRomance_09.wav in Resources */,
				20849B5116F04AE5001F2A8D /* BadRomance_notes.rtf in Resources */,
				20849B5216F04AE5001F2A8D /* BadRomance_01.lrc in Resources */,
				20849B5316F04AE5001F2A8D /* BadRomance_02.lrc in Resources */,
				20849B5416F04AE5001F2A8D /* BadRomance_03.lrc in Resources */,
				20849B5516F04AE5001F2A8D /* BadRomance_04.lrc in Resources */,
				20849B5616F04AE5001F2A8D /* BadRomance_05.lrc in Resources */,
				20849B5716F04AE5001F2A8D /* BadRomance_06.lrc in Resources */,
				20849B5816F04AE5001F2A8D /* BadRomance_07.lrc in Resources */,
				20849B5916F04AE5001F2A8D /* BadRomance_08.lrc in Resources */,
				20849B5A16F04AE5001F2A8D /* BadRomance_09.lrc in Resources */,
				20849B5B16F04AE5001F2A8D /* BadRomance_10.lrc in Resources */,
			);
			runOnlyForDeploymentPostprocessing = 0;
		};
/* End PBXResourcesBuildPhase section */

/* Begin PBXSourcesBuildPhase section */
		20FB3CCF1567EFA500F4AC61 /* Sources */ = {
			isa = PBXSourcesBuildPhase;
			buildActionMask = 2147483647;
			files = (
				20FB3CE41567EFA500F4AC61 /* main.m in Sources */,
				20FB3CE81567EFA500F4AC61 /* AppDelegate.m in Sources */,
				20FB3CEB1567EFA500F4AC61 /* ViewController.m in Sources */,
				208166131568C4F800D288D7 /* LyricParser.m in Sources */,
				20F9A5B5156D363200ED44D7 /* NSMutableArray+Reverse.m in Sources */,
			);
			runOnlyForDeploymentPostprocessing = 0;
		};
/* End PBXSourcesBuildPhase section */

/* Begin PBXVariantGroup section */
		20FB3CE01567EFA500F4AC61 /* InfoPlist.strings */ = {
			isa = PBXVariantGroup;
			children = (
				20FB3CE11567EFA500F4AC61 /* en */,
			);
			name = InfoPlist.strings;
			sourceTree = "<group>";
		};
		20FB3CEC1567EFA600F4AC61 /* ViewController.xib */ = {
			isa = PBXVariantGroup;
			children = (
				20FB3CED1567EFA600F4AC61 /* en */,
			);
			name = ViewController.xib;
			sourceTree = "<group>";
		};
/* End PBXVariantGroup section */

/* Begin XCBuildConfiguration section */
		20FB3CEF1567EFA600F4AC61 /* Debug */ = {
			isa = XCBuildConfiguration;
			buildSettings = {
				ALWAYS_SEARCH_USER_PATHS = NO;
				ARCHS = "$(ARCHS_STANDARD_32_BIT)";
				CLANG_ENABLE_OBJC_ARC = YES;
				"CODE_SIGN_IDENTITY[sdk=iphoneos*]" = "iPhone Developer";
				COPY_PHASE_STRIP = NO;
				GCC_C_LANGUAGE_STANDARD = gnu99;
				GCC_DYNAMIC_NO_PIC = NO;
				GCC_OPTIMIZATION_LEVEL = 0;
				GCC_PREPROCESSOR_DEFINITIONS = (
					"DEBUG=1",
					"$(inherited)",
				);
				GCC_SYMBOLS_PRIVATE_EXTERN = NO;
				GCC_VERSION = com.apple.compilers.llvm.clang.1_0;
				GCC_WARN_ABOUT_RETURN_TYPE = YES;
				GCC_WARN_UNINITIALIZED_AUTOS = YES;
				GCC_WARN_UNUSED_VARIABLE = YES;
				IPHONEOS_DEPLOYMENT_TARGET = 5.1;
				SDKROOT = iphoneos;
			};
			name = Debug;
		};
		20FB3CF01567EFA600F4AC61 /* Release */ = {
			isa = XCBuildConfiguration;
			buildSettings = {
				ALWAYS_SEARCH_USER_PATHS = NO;
				ARCHS = "$(ARCHS_STANDARD_32_BIT)";
				CLANG_ENABLE_OBJC_ARC = YES;
				"CODE_SIGN_IDENTITY[sdk=iphoneos*]" = "iPhone Developer";
				COPY_PHASE_STRIP = YES;
				GCC_C_LANGUAGE_STANDARD = gnu99;
				GCC_VERSION = com.apple.compilers.llvm.clang.1_0;
				GCC_WARN_ABOUT_RETURN_TYPE = YES;
				GCC_WARN_UNINITIALIZED_AUTOS = YES;
				GCC_WARN_UNUSED_VARIABLE = YES;
				IPHONEOS_DEPLOYMENT_TARGET = 5.1;
				OTHER_CFLAGS = "-DNS_BLOCK_ASSERTIONS=1";
				SDKROOT = iphoneos;
				VALIDATE_PRODUCT = YES;
			};
			name = Release;
		};
		20FB3CF21567EFA600F4AC61 /* Debug */ = {
			isa = XCBuildConfiguration;
			buildSettings = {
				GCC_PRECOMPILE_PREFIX_HEADER = YES;
				GCC_PREFIX_HEADER = "LyricView/LyricView-Prefix.pch";
				GCC_VERSION = "";
				INFOPLIST_FILE = "LyricView/LyricView-Info.plist";
				PRODUCT_NAME = "$(TARGET_NAME)";
				WRAPPER_EXTENSION = app;
			};
			name = Debug;
		};
		20FB3CF31567EFA600F4AC61 /* Release */ = {
			isa = XCBuildConfiguration;
			buildSettings = {
				GCC_PRECOMPILE_PREFIX_HEADER = YES;
				GCC_PREFIX_HEADER = "LyricView/LyricView-Prefix.pch";
				GCC_VERSION = "";
				INFOPLIST_FILE = "LyricView/LyricView-Info.plist";
				PRODUCT_NAME = "$(TARGET_NAME)";
				WRAPPER_EXTENSION = app;
			};
			name = Release;
		};
/* End XCBuildConfiguration section */

/* Begin XCConfigurationList section */
		20FB3CCD1567EFA500F4AC61 /* Build configuration list for PBXProject "LyricView" */ = {
			isa = XCConfigurationList;
			buildConfigurations = (
				20FB3CEF1567EFA600F4AC61 /* Debug */,
				20FB3CF01567EFA600F4AC61 /* Release */,
			);
			defaultConfigurationIsVisible = 0;
			defaultConfigurationName = Release;
		};
		20FB3CF11567EFA600F4AC61 /* Build configuration list for PBXNativeTarget "LyricView" */ = {
			isa = XCConfigurationList;
			buildConfigurations = (
				20FB3CF21567EFA600F4AC61 /* Debug */,
				20FB3CF31567EFA600F4AC61 /* Release */,
			);
			defaultConfigurationIsVisible = 0;
			defaultConfigurationName = Release;
		};
/* End XCConfigurationList section */
	};
	rootObject = 20FB3CCA1567EFA500F4AC61 /* Project object */;
}
