// !$*UTF8*$!
{
	archiveVersion = 1;
	classes = {
	};
	objectVersion = 46;
	objects = {

/* Begin PBXBuildFile section */
		208166131568C4F800D288D7 /* LyricParser.m in Sources */ = {isa = PBXBuildFile; fileRef = 208166121568C4F800D288D7 /* LyricParser.m */; };
		20F9A5B5156D363200ED44D7 /* NSMutableArray+Reverse.m in Sources */ = {isa = PBXBuildFile; fileRef = 20F9A5B4156D363200ED44D7 /* NSMutableArray+Reverse.m */; };
		20F9A5B8156D3A1A00ED44D7 /* 08881_Save Tonight_Eagle-Eye Cherry.lrc in Resources */ = {isa = PBXBuildFile; fileRef = 20F9A5B7156D3A1A00ED44D7 /* 08881_Save Tonight_Eagle-Eye Cherry.lrc */; };
		20F9A5BA156D3A2200ED44D7 /* 08881_Save Tonight_Eagle-Eye Cherry.mp3 in Resources */ = {isa = PBXBuildFile; fileRef = 20F9A5B9156D3A2200ED44D7 /* 08881_Save Tonight_Eagle-Eye Cherry.mp3 */; };
		20F9A5BE156D3BAB00ED44D7 /* AVFoundation.framework in Frameworks */ = {isa = PBXBuildFile; fileRef = 20F9A5BC156D3BAB00ED44D7 /* AVFoundation.framework */; };
		20F9A5C0156D456000ED44D7 /* 05421_Wonderwall_Oasis.mp3 in Resources */ = {isa = PBXBuildFile; fileRef = 20F9A5BF156D456000ED44D7 /* 05421_Wonderwall_Oasis.mp3 */; };
		20FB3CD81567EFA500F4AC61 /* UIKit.framework in Frameworks */ = {isa = PBXBuildFile; fileRef = 20FB3CD71567EFA500F4AC61 /* UIKit.framework */; };
		20FB3CDA1567EFA500F4AC61 /* Foundation.framework in Frameworks */ = {isa = PBXBuildFile; fileRef = 20FB3CD91567EFA500F4AC61 /* Foundation.framework */; };
		20FB3CDC1567EFA500F4AC61 /* CoreGraphics.framework in Frameworks */ = {isa = PBXBuildFile; fileRef = 20FB3CDB1567EFA500F4AC61 /* CoreGraphics.framework */; };
		20FB3CE21567EFA500F4AC61 /* InfoPlist.strings in Resources */ = {isa = PBXBuildFile; fileRef = 20FB3CE01567EFA500F4AC61 /* InfoPlist.strings */; };
		20FB3CE41567EFA500F4AC61 /* main.m in Sources */ = {isa = PBXBuildFile; fileRef = 20FB3CE31567EFA500F4AC61 /* main.m */; };
		20FB3CE81567EFA500F4AC61 /* AppDelegate.m in Sources */ = {isa = PBXBuildFile; fileRef = 20FB3CE71567EFA500F4AC61 /* AppDelegate.m */; };
		20FB3CEB1567EFA500F4AC61 /* ViewController.m in Sources */ = {isa = PBXBuildFile; fileRef = 20FB3CEA1567EFA500F4AC61 /* ViewController.m */; };
		20FB3CEE1567EFA600F4AC61 /* ViewController.xib in Resources */ = {isa = PBXBuildFile; fileRef = 20FB3CEC1567EFA600F4AC61 /* ViewController.xib */; };
		20FB3CF51567F12B00F4AC61 /* 05421_Wonderwall_Oasis.lrc in Resources */ = {isa = PBXBuildFile; fileRef = 20FB3CF41567F12B00F4AC61 /* 05421_Wonderwall_Oasis.lrc */; };
/* End PBXBuildFile section */

/* Begin PBXFileReference section */
		208166111568C4F800D288D7 /* LyricParser.h */ = {isa = PBXFileReference; fileEncoding = 4; lastKnownFileType = sourcecode.c.h; path = LyricParser.h; sourceTree = "<group>"; };
		208166121568C4F800D288D7 /* LyricParser.m */ = {isa = PBXFileReference; fileEncoding = 4; lastKnownFileType = sourcecode.c.objc; path = LyricParser.m; sourceTree = "<group>"; };
		20F9A5B3156D363200ED44D7 /* NSMutableArray+Reverse.h */ = {isa = PBXFileReference; fileEncoding = 4; lastKnownFileType = sourcecode.c.h; path = "NSMutableArray+Reverse.h"; sourceTree = "<group>"; };
		20F9A5B4156D363200ED44D7 /* NSMutableArray+Reverse.m */ = {isa = PBXFileReference; fileEncoding = 4; lastKnownFileType = sourcecode.c.objc; path = "NSMutableArray+Reverse.m"; sourceTree = "<group>"; };
		20F9A5B7156D3A1A00ED44D7 /* 08881_Save Tonight_Eagle-Eye Cherry.lrc */ = {isa = PBXFileReference; fileEncoding = 4; lastKnownFileType = text; path = "08881_Save Tonight_Eagle-Eye Cherry.lrc"; sourceTree = "<group>"; };
		20F9A5B9156D3A2200ED44D7 /* 08881_Save Tonight_Eagle-Eye Cherry.mp3 */ = {isa = PBXFileReference; lastKnownFileType = audio.mp3; path = "08881_Save Tonight_Eagle-Eye Cherry.mp3"; sourceTree = "<group>"; };
		20F9A5BC156D3BAB00ED44D7 /* AVFoundation.framework */ = {isa = PBXFileReference; lastKnownFileType = wrapper.framework; name = AVFoundation.framework; path = System/Library/Frameworks/AVFoundation.framework; sourceTree = SDKROOT; };
		20F9A5BF156D456000ED44D7 /* 05421_Wonderwall_Oasis.mp3 */ = {isa = PBXFileReference; lastKnownFileType = audio.mp3; path = 05421_Wonderwall_Oasis.mp3; sourceTree = "<group>"; };
		20FB3CD31567EFA500F4AC61 /* LyricView.app */ = {isa = PBXFileReference; explicitFileType = wrapper.application; includeInIndex = 0; path = LyricView.app; sourceTree = BUILT_PRODUCTS_DIR; };
		20FB3CD71567EFA500F4AC61 /* UIKit.framework */ = {isa = PBXFileReference; lastKnownFileType = wrapper.framework; name = UIKit.framework; path = System/Library/Frameworks/UIKit.framework; sourceTree = SDKROOT; };
		20FB3CD91567EFA500F4AC61 /* Foundation.framework */ = {isa = PBXFileReference; lastKnownFileType = wrapper.framework; name = Foundation.framework; path = System/Library/Frameworks/Foundation.framework; sourceTree = SDKROOT; };
		20FB3CDB1567EFA500F4AC61 /* CoreGraphics.framework */ = {isa = PBXFileReference; lastKnownFileType = wrapper.framework; name = CoreGraphics.framework; path = System/Library/Frameworks/CoreGraphics.framework; sourceTree = SDKROOT; };
		20FB3CDF1567EFA500F4AC61 /* LyricView-Info.plist */ = {isa = PBXFileReference; lastKnownFileType = text.plist.xml; path = "LyricView-Info.plist"; sourceTree = "<group>"; };
		20FB3CE11567EFA500F4AC61 /* en */ = {isa = PBXFileReference; lastKnownFileType = text.plist.strings; name = en; path = en.lproj/InfoPlist.strings; sourceTree = "<group>"; };
		20FB3CE31567EFA500F4AC61 /* main.m */ = {isa = PBXFileReference; lastKnownFileType = sourcecode.c.objc; path = main.m; sourceTree = "<group>"; };
		20FB3CE51567EFA500F4AC61 /* LyricView-Prefix.pch */ = {isa = PBXFileReference; lastKnownFileType = sourcecode.c.h; path = "LyricView-Prefix.pch"; sourceTree = "<group>"; };
		20FB3CE61567EFA500F4AC61 /* AppDelegate.h */ = {isa = PBXFileReference; lastKnownFileType = sourcecode.c.h; path = AppDelegate.h; sourceTree = "<group>"; };
		20FB3CE71567EFA500F4AC61 /* AppDelegate.m */ = {isa = PBXFileReference; lastKnownFileType = sourcecode.c.objc; path = AppDelegate.m; sourceTree = "<group>"; };
		20FB3CE91567EFA500F4AC61 /* ViewController.h */ = {isa = PBXFileReference; lastKnownFileType = sourcecode.c.h; path = ViewController.h; sourceTree = "<group>"; };
		20FB3CEA1567EFA500F4AC61 /* ViewController.m */ = {isa = PBXFileReference; lastKnownFileType = sourcecode.c.objc; path = ViewController.m; sourceTree = "<group>"; };
		20FB3CED1567EFA600F4AC61 /* en */ = {isa = PBXFileReference; lastKnownFileType = file.xib; name = en; path = en.lproj/ViewController.xib; sourceTree = "<group>"; };
		20FB3CF41567F12B00F4AC61 /* 05421_Wonderwall_Oasis.lrc */ = {isa = PBXFileReference; fileEncoding = 4; lastKnownFileType = text; path = 05421_Wonderwall_Oasis.lrc; sourceTree = "<group>"; };
/* End PBXFileReference section */

/* Begin PBXFrameworksBuildPhase section */
		20FB3CD01567EFA500F4AC61 /* Frameworks */ = {
			isa = PBXFrameworksBuildPhase;
			buildActionMask = 2147483647;
			files = (
				20F9A5BE156D3BAB00ED44D7 /* AVFoundation.framework in Frameworks */,
				20FB3CD81567EFA500F4AC61 /* UIKit.framework in Frameworks */,
				20FB3CDA1567EFA500F4AC61 /* Foundation.framework in Frameworks */,
				20FB3CDC1567EFA500F4AC61 /* CoreGraphics.framework in Frameworks */,
			);
			runOnlyForDeploymentPostprocessing = 0;
		};
/* End PBXFrameworksBuildPhase section */

/* Begin PBXGroup section */
		20FB3CC81567EFA500F4AC61 = {
			isa = PBXGroup;
			children = (
				20F9A5BC156D3BAB00ED44D7 /* AVFoundation.framework */,
				20FB3CDD1567EFA500F4AC61 /* LyricView */,
				20FB3CD61567EFA500F4AC61 /* Frameworks */,
				20FB3CD41567EFA500F4AC61 /* Products */,
			);
			sourceTree = "<group>";
		};
		20FB3CD41567EFA500F4AC61 /* Products */ = {
			isa = PBXGroup;
			children = (
				20FB3CD31567EFA500F4AC61 /* LyricView.app */,
			);
			name = Products;
			sourceTree = "<group>";
		};
		20FB3CD61567EFA500F4AC61 /* Frameworks */ = {
			isa = PBXGroup;
			children = (
				20FB3CD71567EFA500F4AC61 /* UIKit.framework */,
				20FB3CD91567EFA500F4AC61 /* Foundation.framework */,
				20FB3CDB1567EFA500F4AC61 /* CoreGraphics.framework */,
			);
			name = Frameworks;
			sourceTree = "<group>";
		};
		20FB3CDD1567EFA500F4AC61 /* LyricView */ = {
			isa = PBXGroup;
			children = (
				20FB3CE61567EFA500F4AC61 /* AppDelegate.h */,
				20FB3CE71567EFA500F4AC61 /* AppDelegate.m */,
				20FB3CE91567EFA500F4AC61 /* ViewController.h */,
				20FB3CEA1567EFA500F4AC61 /* ViewController.m */,
				20FB3CEC1567EFA600F4AC61 /* ViewController.xib */,
				20FB3CF41567F12B00F4AC61 /* 05421_Wonderwall_Oasis.lrc */,
				20F9A5B3156D363200ED44D7 /* NSMutableArray+Reverse.h */,
				20F9A5B4156D363200ED44D7 /* NSMutableArray+Reverse.m */,
				20F9A5B7156D3A1A00ED44D7 /* 08881_Save Tonight_Eagle-Eye Cherry.lrc */,
				20FB3CDE1567EFA500F4AC61 /* Supporting Files */,
				208166111568C4F800D288D7 /* LyricParser.h */,
				208166121568C4F800D288D7 /* LyricParser.m */,
				20F9A5B9156D3A2200ED44D7 /* 08881_Save Tonight_Eagle-Eye Cherry.mp3 */,
				20F9A5BF156D456000ED44D7 /* 05421_Wonderwall_Oasis.mp3 */,
			);
			path = LyricView;
			sourceTree = "<group>";
		};
		20FB3CDE1567EFA500F4AC61 /* Supporting Files */ = {
			isa = PBXGroup;
			children = (
				20FB3CDF1567EFA500F4AC61 /* LyricView-Info.plist */,
				20FB3CE01567EFA500F4AC61 /* InfoPlist.strings */,
				20FB3CE31567EFA500F4AC61 /* main.m */,
				20FB3CE51567EFA500F4AC61 /* LyricView-Prefix.pch */,
			);
			name = "Supporting Files";
			sourceTree = "<group>";
		};
/* End PBXGroup section */

/* Begin PBXNativeTarget section */
		20FB3CD21567EFA500F4AC61 /* LyricView */ = {
			isa = PBXNativeTarget;
			buildConfigurationList = 20FB3CF11567EFA600F4AC61 /* Build configuration list for PBXNativeTarget "LyricView" */;
			buildPhases = (
				20FB3CCF1567EFA500F4AC61 /* Sources */,
				20FB3CD01567EFA500F4AC61 /* Frameworks */,
				20FB3CD11567EFA500F4AC61 /* Resources */,
			);
			buildRules = (
			);
			dependencies = (
			);
			name = LyricView;
			productName = LyricView;
			productReference = 20FB3CD31567EFA500F4AC61 /* LyricView.app */;
			productType = "com.apple.product-type.application";
		};
/* End PBXNativeTarget section */

/* Begin PBXProject section */
		20FB3CCA1567EFA500F4AC61 /* Project object */ = {
			isa = PBXProject;
			attributes = {
				LastUpgradeCheck = 0430;
			};
			buildConfigurationList = 20FB3CCD1567EFA500F4AC61 /* Build configuration list for PBXProject "LyricView" */;
			compatibilityVersion = "Xcode 3.2";
			developmentRegion = English;
			hasScannedForEncodings = 0;
			knownRegions = (
				en,
			);
			mainGroup = 20FB3CC81567EFA500F4AC61;
			productRefGroup = 20FB3CD41567EFA500F4AC61 /* Products */;
			projectDirPath = "";
			projectRoot = "";
			targets = (
				20FB3CD21567EFA500F4AC61 /* LyricView */,
			);
		};
/* End PBXProject section */

/* Begin PBXResourcesBuildPhase section */
		20FB3CD11567EFA500F4AC61 /* Resources */ = {
			isa = PBXResourcesBuildPhase;
			buildActionMask = 2147483647;
			files = (
				20FB3CE21567EFA500F4AC61 /* InfoPlist.strings in Resources */,
				20FB3CEE1567EFA600F4AC61 /* ViewController.xib in Resources */,
				20FB3CF51567F12B00F4AC61 /* 05421_Wonderwall_Oasis.lrc in Resources */,
				20F9A5B8156D3A1A00ED44D7 /* 08881_Save Tonight_Eagle-Eye Cherry.lrc in Resources */,
				20F9A5BA156D3A2200ED44D7 /* 08881_Save Tonight_Eagle-Eye Cherry.mp3 in Resources */,
				20F9A5C0156D456000ED44D7 /* 05421_Wonderwall_Oasis.mp3 in Resources */,
			);
			runOnlyForDeploymentPostprocessing = 0;
		};
/* End PBXResourcesBuildPhase section */

/* Begin PBXSourcesBuildPhase section */
		20FB3CCF1567EFA500F4AC61 /* Sources */ = {
			isa = PBXSourcesBuildPhase;
			buildActionMask = 2147483647;
			files = (
				20FB3CE41567EFA500F4AC61 /* main.m in Sources */,
				20FB3CE81567EFA500F4AC61 /* AppDelegate.m in Sources */,
				20FB3CEB1567EFA500F4AC61 /* ViewController.m in Sources */,
				208166131568C4F800D288D7 /* LyricParser.m in Sources */,
				20F9A5B5156D363200ED44D7 /* NSMutableArray+Reverse.m in Sources */,
			);
			runOnlyForDeploymentPostprocessing = 0;
		};
/* End PBXSourcesBuildPhase section */

/* Begin PBXVariantGroup section */
		20FB3CE01567EFA500F4AC61 /* InfoPlist.strings */ = {
			isa = PBXVariantGroup;
			children = (
				20FB3CE11567EFA500F4AC61 /* en */,
			);
			name = InfoPlist.strings;
			sourceTree = "<group>";
		};
		20FB3CEC1567EFA600F4AC61 /* ViewController.xib */ = {
			isa = PBXVariantGroup;
			children = (
				20FB3CED1567EFA600F4AC61 /* en */,
			);
			name = ViewController.xib;
			sourceTree = "<group>";
		};
/* End PBXVariantGroup section */

/* Begin XCBuildConfiguration section */
		20FB3CEF1567EFA600F4AC61 /* Debug */ = {
			isa = XCBuildConfiguration;
			buildSettings = {
				ALWAYS_SEARCH_USER_PATHS = NO;
				ARCHS = "$(ARCHS_STANDARD_32_BIT)";
				CLANG_ENABLE_OBJC_ARC = YES;
				"CODE_SIGN_IDENTITY[sdk=iphoneos*]" = "iPhone Developer";
				COPY_PHASE_STRIP = NO;
				GCC_C_LANGUAGE_STANDARD = gnu99;
				GCC_DYNAMIC_NO_PIC = NO;
				GCC_OPTIMIZATION_LEVEL = 0;
				GCC_PREPROCESSOR_DEFINITIONS = (
					"DEBUG=1",
					"$(inherited)",
				);
				GCC_SYMBOLS_PRIVATE_EXTERN = NO;
				GCC_VERSION = com.apple.compilers.llvm.clang.1_0;
				GCC_WARN_ABOUT_RETURN_TYPE = YES;
				GCC_WARN_UNINITIALIZED_AUTOS = YES;
				GCC_WARN_UNUSED_VARIABLE = YES;
				IPHONEOS_DEPLOYMENT_TARGET = 5.1;
				SDKROOT = iphoneos;
			};
			name = Debug;
		};
		20FB3CF01567EFA600F4AC61 /* Release */ = {
			isa = XCBuildConfiguration;
			buildSettings = {
				ALWAYS_SEARCH_USER_PATHS = NO;
				ARCHS = "$(ARCHS_STANDARD_32_BIT)";
				CLANG_ENABLE_OBJC_ARC = YES;
				"CODE_SIGN_IDENTITY[sdk=iphoneos*]" = "iPhone Developer";
				COPY_PHASE_STRIP = YES;
				GCC_C_LANGUAGE_STANDARD = gnu99;
				GCC_VERSION = com.apple.compilers.llvm.clang.1_0;
				GCC_WARN_ABOUT_RETURN_TYPE = YES;
				GCC_WARN_UNINITIALIZED_AUTOS = YES;
				GCC_WARN_UNUSED_VARIABLE = YES;
				IPHONEOS_DEPLOYMENT_TARGET = 5.1;
				OTHER_CFLAGS = "-DNS_BLOCK_ASSERTIONS=1";
				SDKROOT = iphoneos;
				VALIDATE_PRODUCT = YES;
			};
			name = Release;
		};
		20FB3CF21567EFA600F4AC61 /* Debug */ = {
			isa = XCBuildConfiguration;
			buildSettings = {
				GCC_PRECOMPILE_PREFIX_HEADER = YES;
				GCC_PREFIX_HEADER = "LyricView/LyricView-Prefix.pch";
				GCC_VERSION = "";
				INFOPLIST_FILE = "LyricView/LyricView-Info.plist";
				PRODUCT_NAME = "$(TARGET_NAME)";
				WRAPPER_EXTENSION = app;
			};
			name = Debug;
		};
		20FB3CF31567EFA600F4AC61 /* Release */ = {
			isa = XCBuildConfiguration;
			buildSettings = {
				GCC_PRECOMPILE_PREFIX_HEADER = YES;
				GCC_PREFIX_HEADER = "LyricView/LyricView-Prefix.pch";
				GCC_VERSION = "";
				INFOPLIST_FILE = "LyricView/LyricView-Info.plist";
				PRODUCT_NAME = "$(TARGET_NAME)";
				WRAPPER_EXTENSION = app;
			};
			name = Release;
		};
/* End XCBuildConfiguration section */

/* Begin XCConfigurationList section */
		20FB3CCD1567EFA500F4AC61 /* Build configuration list for PBXProject "LyricView" */ = {
			isa = XCConfigurationList;
			buildConfigurations = (
				20FB3CEF1567EFA600F4AC61 /* Debug */,
				20FB3CF01567EFA600F4AC61 /* Release */,
			);
			defaultConfigurationIsVisible = 0;
			defaultConfigurationName = Release;
		};
		20FB3CF11567EFA600F4AC61 /* Build configuration list for PBXNativeTarget "LyricView" */ = {
			isa = XCConfigurationList;
			buildConfigurations = (
				20FB3CF21567EFA600F4AC61 /* Debug */,
				20FB3CF31567EFA600F4AC61 /* Release */,
			);
			defaultConfigurationIsVisible = 0;
			defaultConfigurationName = Release;
		};
/* End XCConfigurationList section */
	};
	rootObject = 20FB3CCA1567EFA500F4AC61 /* Project object */;
}
